<?xml version="1.0" encoding="UTF-8"?>
<Project ToolsVersion="14.0" xmlns="http://schemas.microsoft.com/developer/msbuild/2003">
  <ItemGroup>
    <ClCompile Include="C:\Users\geronimo\programacao\estudos_opencl\EstudoOpenCL\DeviceEnnumeration\DeviceEnumerator.cpp">
      <Filter>Source Files</Filter>
    </ClCompile>
    <ClCompile Include="C:\Users\geronimo\programacao\estudos_opencl\EstudoOpenCL\DeviceEnnumeration\dummy.cpp">
      <Filter>Source Files</Filter>
    </ClCompile>
  </ItemGroup>
  <ItemGroup>
    <ClInclude Include="C:\Users\geronimo\programacao\estudos_opencl\EstudoOpenCL\DeviceEnnumeration\DeviceEnumerator.h">
      <Filter>Header Files</Filter>
    </ClInclude>
  </ItemGroup>
  <ItemGroup>
    <Filter Include="Source Files">
      <UniqueIdentifier>{D54CF8A7-35A7-31EA-BF1E-97CD0AB9F4F5}</UniqueIdentifier>
    </Filter>
    <Filter Include="Header Files">
      <UniqueIdentifier>{22BF0F53-70FB-3A56-AC82-61D672906832}</UniqueIdentifier>
    </Filter>
  </ItemGroup>
</Project>
